
Microsoft Visual Studio Solution File, Format Version 12.00
# Visual Studio 2012
Project("{FAE04EC0-301F-11D3-BF4B-00C04F79EFBC}") = "Aphasia", "Aphasia\Aphasia.csproj", "{B4600BC3-AC80-4F85-9130-16BFA340388B}"
EndProject
Project("{FAE04EC0-301F-11D3-BF4B-00C04F79EFBC}") = "Aphasia.iOS", "iOS\Aphasia.iOS.csproj", "{76A283A6-C25C-4AA7-8448-B6387742D606}"
EndProject
Project("{FAE04EC0-301F-11D3-BF4B-00C04F79EFBC}") = "Aphasia.Droid", "Droid\Aphasia.Droid.csproj", "{206A8B81-29A2-4D6F-A435-81F2EDBD28A2}"
EndProject
Global
	GlobalSection(SolutionConfigurationPlatforms) = preSolution
		Debug|Any CPU = Debug|Any CPU
		Release|Any CPU = Release|Any CPU
		Debug|iPhoneSimulator = Debug|iPhoneSimulator
		Release|iPhone = Release|iPhone
		Release|iPhoneSimulator = Release|iPhoneSimulator
		Debug|iPhone = Debug|iPhone
	EndGlobalSection
	GlobalSection(ProjectConfigurationPlatforms) = postSolution
		{B4600BC3-AC80-4F85-9130-16BFA340388B}.Debug|Any CPU.ActiveCfg = Debug|Any CPU
		{B4600BC3-AC80-4F85-9130-16BFA340388B}.Debug|Any CPU.Build.0 = Debug|Any CPU
		{B4600BC3-AC80-4F85-9130-16BFA340388B}.Release|Any CPU.ActiveCfg = Release|Any CPU
		{B4600BC3-AC80-4F85-9130-16BFA340388B}.Release|Any CPU.Build.0 = Release|Any CPU
		{B4600BC3-AC80-4F85-9130-16BFA340388B}.Debug|iPhoneSimulator.ActiveCfg = Debug|Any CPU
		{B4600BC3-AC80-4F85-9130-16BFA340388B}.Debug|iPhoneSimulator.Build.0 = Debug|Any CPU
		{B4600BC3-AC80-4F85-9130-16BFA340388B}.Release|iPhone.ActiveCfg = Release|Any CPU
		{B4600BC3-AC80-4F85-9130-16BFA340388B}.Release|iPhone.Build.0 = Release|Any CPU
		{B4600BC3-AC80-4F85-9130-16BFA340388B}.Release|iPhoneSimulator.ActiveCfg = Release|Any CPU
		{B4600BC3-AC80-4F85-9130-16BFA340388B}.Release|iPhoneSimulator.Build.0 = Release|Any CPU
		{B4600BC3-AC80-4F85-9130-16BFA340388B}.Debug|iPhone.ActiveCfg = Debug|Any CPU
		{B4600BC3-AC80-4F85-9130-16BFA340388B}.Debug|iPhone.Build.0 = Debug|Any CPU
		{76A283A6-C25C-4AA7-8448-B6387742D606}.Debug|Any CPU.ActiveCfg = Debug|iPhoneSimulator
		{76A283A6-C25C-4AA7-8448-B6387742D606}.Debug|Any CPU.Build.0 = Debug|iPhoneSimulator
		{76A283A6-C25C-4AA7-8448-B6387742D606}.Release|Any CPU.ActiveCfg = Release|iPhone
		{76A283A6-C25C-4AA7-8448-B6387742D606}.Release|Any CPU.Build.0 = Release|iPhone
		{76A283A6-C25C-4AA7-8448-B6387742D606}.Debug|iPhoneSimulator.ActiveCfg = Debug|iPhoneSimulator
		{76A283A6-C25C-4AA7-8448-B6387742D606}.Debug|iPhoneSimulator.Build.0 = Debug|iPhoneSimulator
		{76A283A6-C25C-4AA7-8448-B6387742D606}.Release|iPhone.ActiveCfg = Release|iPhone
		{76A283A6-C25C-4AA7-8448-B6387742D606}.Release|iPhone.Build.0 = Release|iPhone
		{76A283A6-C25C-4AA7-8448-B6387742D606}.Release|iPhoneSimulator.ActiveCfg = Release|iPhoneSimulator
		{76A283A6-C25C-4AA7-8448-B6387742D606}.Release|iPhoneSimulator.Build.0 = Release|iPhoneSimulator
		{76A283A6-C25C-4AA7-8448-B6387742D606}.Debug|iPhone.ActiveCfg = Debug|iPhone
		{76A283A6-C25C-4AA7-8448-B6387742D606}.Debug|iPhone.Build.0 = Debug|iPhone
		{206A8B81-29A2-4D6F-A435-81F2EDBD28A2}.Debug|Any CPU.ActiveCfg = Debug|Any CPU
		{206A8B81-29A2-4D6F-A435-81F2EDBD28A2}.Debug|Any CPU.Build.0 = Debug|Any CPU
		{206A8B81-29A2-4D6F-A435-81F2EDBD28A2}.Release|Any CPU.ActiveCfg = Release|Any CPU
		{206A8B81-29A2-4D6F-A435-81F2EDBD28A2}.Release|Any CPU.Build.0 = Release|Any CPU
		{206A8B81-29A2-4D6F-A435-81F2EDBD28A2}.Debug|iPhoneSimulator.ActiveCfg = Debug|Any CPU
		{206A8B81-29A2-4D6F-A435-81F2EDBD28A2}.Debug|iPhoneSimulator.Build.0 = Debug|Any CPU
		{206A8B81-29A2-4D6F-A435-81F2EDBD28A2}.Release|iPhone.ActiveCfg = Release|Any CPU
		{206A8B81-29A2-4D6F-A435-81F2EDBD28A2}.Release|iPhone.Build.0 = Release|Any CPU
		{206A8B81-29A2-4D6F-A435-81F2EDBD28A2}.Release|iPhoneSimulator.ActiveCfg = Release|Any CPU
		{206A8B81-29A2-4D6F-A435-81F2EDBD28A2}.Release|iPhoneSimulator.Build.0 = Release|Any CPU
		{206A8B81-29A2-4D6F-A435-81F2EDBD28A2}.Debug|iPhone.ActiveCfg = Debug|Any CPU
		{206A8B81-29A2-4D6F-A435-81F2EDBD28A2}.Debug|iPhone.Build.0 = Debug|Any CPU
	EndGlobalSection
EndGlobal
